// !$*UTF8*$!
{
	archiveVersion = 1;
	classes = {
	};
	objectVersion = 52;
	objects = {

/* Begin PBXBuildFile section */
		800254F7243EA6B30026B7C8 /* AppDelegate.swift in Sources */ = {isa = PBXBuildFile; fileRef = 800254F6243EA6B30026B7C8 /* AppDelegate.swift */; };
		800254F9243EA6B30026B7C8 /* SceneDelegate.swift in Sources */ = {isa = PBXBuildFile; fileRef = 800254F8243EA6B30026B7C8 /* SceneDelegate.swift */; };
		800254FB243EA6B30026B7C8 /* AppLayout.swift in Sources */ = {isa = PBXBuildFile; fileRef = 800254FA243EA6B30026B7C8 /* AppLayout.swift */; };
		800254FD243EA6B40026B7C8 /* Assets.xcassets in Resources */ = {isa = PBXBuildFile; fileRef = 800254FC243EA6B40026B7C8 /* Assets.xcassets */; };
		80025500243EA6B40026B7C8 /* Preview Assets.xcassets in Resources */ = {isa = PBXBuildFile; fileRef = 800254FF243EA6B40026B7C8 /* Preview Assets.xcassets */; };
		80025503243EA6B40026B7C8 /* LaunchScreen.storyboard in Resources */ = {isa = PBXBuildFile; fileRef = 80025501243EA6B40026B7C8 /* LaunchScreen.storyboard */; };
		800996C82443A3EE002A63F1 /* OttawaFavoritesService.swift in Sources */ = {isa = PBXBuildFile; fileRef = 80EFD1DB2443A29200F2EDCC /* OttawaFavoritesService.swift */; };
		800996CB2443A499002A63F1 /* TouchScaleButton.swift in Sources */ = {isa = PBXBuildFile; fileRef = 800996CA2443A499002A63F1 /* TouchScaleButton.swift */; };
		800996CE2443AA6B002A63F1 /* ShrinkOnPressButtonStyle.swift in Sources */ = {isa = PBXBuildFile; fileRef = 800996CD2443AA6B002A63F1 /* ShrinkOnPressButtonStyle.swift */; };
		800996D52443B3A7002A63F1 /* RestaurantView.swift in Sources */ = {isa = PBXBuildFile; fileRef = 800996D42443B3A7002A63F1 /* RestaurantView.swift */; };
		800996E02443C49A002A63F1 /* RootHostingController.swift in Sources */ = {isa = PBXBuildFile; fileRef = 800996DF2443C49A002A63F1 /* RootHostingController.swift */; };
		800996E32443C5AB002A63F1 /* RestaurantViewBackButton.swift in Sources */ = {isa = PBXBuildFile; fileRef = 800996E22443C5AB002A63F1 /* RestaurantViewBackButton.swift */; };
		800996E52443C609002A63F1 /* RestaurantViewTopSpacer.swift in Sources */ = {isa = PBXBuildFile; fileRef = 800996E42443C609002A63F1 /* RestaurantViewTopSpacer.swift */; };
		800996E72443C685002A63F1 /* RestaurantViewFrame.swift in Sources */ = {isa = PBXBuildFile; fileRef = 800996E62443C685002A63F1 /* RestaurantViewFrame.swift */; };
		800996EB2443C889002A63F1 /* FloatingButton.swift in Sources */ = {isa = PBXBuildFile; fileRef = 800996EA2443C889002A63F1 /* FloatingButton.swift */; };
		800996ED2443C9BE002A63F1 /* FloatingRating.swift in Sources */ = {isa = PBXBuildFile; fileRef = 800996EC2443C9BE002A63F1 /* FloatingRating.swift */; };
		800996F02443E087002A63F1 /* Restaurant.graphql in Resources */ = {isa = PBXBuildFile; fileRef = 800996EF2443E087002A63F1 /* Restaurant.graphql */; };
		800996F22443E0E3002A63F1 /* RestaurantViewService.swift in Sources */ = {isa = PBXBuildFile; fileRef = 800996F12443E0E3002A63F1 /* RestaurantViewService.swift */; };
		800996F42443EA4F002A63F1 /* ToggleFavorite.graphql in Resources */ = {isa = PBXBuildFile; fileRef = 800996F32443EA4F002A63F1 /* ToggleFavorite.graphql */; };
		800996F62443EBB9002A63F1 /* CreateBucketListItem.graphql in Resources */ = {isa = PBXBuildFile; fileRef = 800996F52443EBB9002A63F1 /* CreateBucketListItem.graphql */; };
		800996F82443EBBF002A63F1 /* DeleteBucketListItem.graphql in Resources */ = {isa = PBXBuildFile; fileRef = 800996F72443EBBF002A63F1 /* DeleteBucketListItem.graphql */; };
		800996FC2443EFFC002A63F1 /* RestaurantViewIconDetail.swift in Sources */ = {isa = PBXBuildFile; fileRef = 800996FB2443EFFC002A63F1 /* RestaurantViewIconDetail.swift */; };
		805820F52447C9AC006DAE2D /* ReadyController.swift in Sources */ = {isa = PBXBuildFile; fileRef = 805820F42447C9AC006DAE2D /* ReadyController.swift */; };
		805820F72447CAFC006DAE2D /* OnboardingNavigationController.swift in Sources */ = {isa = PBXBuildFile; fileRef = 805820F62447CAFC006DAE2D /* OnboardingNavigationController.swift */; };
		805820FA2447D012006DAE2D /* OnboardingButton.swift in Sources */ = {isa = PBXBuildFile; fileRef = 805820F92447D012006DAE2D /* OnboardingButton.swift */; };
		805820FD2447DDFE006DAE2D /* ValidateAppleID.graphql in Resources */ = {isa = PBXBuildFile; fileRef = 805820FC2447DDFE006DAE2D /* ValidateAppleID.graphql */; };
		80644D2D2447EC4600F13DA1 /* KeychainAccess in Frameworks */ = {isa = PBXBuildFile; productRef = 80644D2C2447EC4600F13DA1 /* KeychainAccess */; };
		80644D2F2447EDAA00F13DA1 /* LocalStatusBarStyle.swift in Sources */ = {isa = PBXBuildFile; fileRef = 80644D2E2447EDAA00F13DA1 /* LocalStatusBarStyle.swift */; };
		80644D312447EDBB00F13DA1 /* LocalStatusBarStyleKey.swift in Sources */ = {isa = PBXBuildFile; fileRef = 80644D302447EDBB00F13DA1 /* LocalStatusBarStyleKey.swift */; };
		80644D332447EDD400F13DA1 /* EnvironmentValues+localStatusBarStyle.swift in Sources */ = {isa = PBXBuildFile; fileRef = 80644D322447EDD400F13DA1 /* EnvironmentValues+localStatusBarStyle.swift */; };
		80644D352447EE6600F13DA1 /* RootHostingController+Onboarding.swift in Sources */ = {isa = PBXBuildFile; fileRef = 80644D342447EE6600F13DA1 /* RootHostingController+Onboarding.swift */; };
		80644D382447EF6D00F13DA1 /* Alert.swift in Sources */ = {isa = PBXBuildFile; fileRef = 80644D372447EF6D00F13DA1 /* Alert.swift */; };
		808AFBEC24429AD600550386 /* SectionHeader.swift in Sources */ = {isa = PBXBuildFile; fileRef = 808AFBEB24429AD600550386 /* SectionHeader.swift */; };
		808AFBEF24429CC500550386 /* TabBar.swift in Sources */ = {isa = PBXBuildFile; fileRef = 808AFBEE24429CC500550386 /* TabBar.swift */; };
		808AFBF124429D4E00550386 /* AppSection.swift in Sources */ = {isa = PBXBuildFile; fileRef = 808AFBF024429D4E00550386 /* AppSection.swift */; };
		808AFBF424429E1000550386 /* AppState.swift in Sources */ = {isa = PBXBuildFile; fileRef = 808AFBF324429E1000550386 /* AppState.swift */; };
		808AFBF624429E3A00550386 /* TabBarContainer.swift in Sources */ = {isa = PBXBuildFile; fileRef = 808AFBF524429E3A00550386 /* TabBarContainer.swift */; };
		808AFBFA24429E9600550386 /* TabData.swift in Sources */ = {isa = PBXBuildFile; fileRef = 808AFBF924429E9600550386 /* TabData.swift */; };
		808AFBFC24429EF500550386 /* TabBarItem.swift in Sources */ = {isa = PBXBuildFile; fileRef = 808AFBFB24429EF500550386 /* TabBarItem.swift */; };
		808AFBFE2442A47100550386 /* CurrentSectionContainer.swift in Sources */ = {isa = PBXBuildFile; fileRef = 808AFBFD2442A47100550386 /* CurrentSectionContainer.swift */; };
		808AFC002442A47E00550386 /* CurrentSection.swift in Sources */ = {isa = PBXBuildFile; fileRef = 808AFBFF2442A47E00550386 /* CurrentSection.swift */; };
		808AFC052442A50F00550386 /* FavoritesSection.swift in Sources */ = {isa = PBXBuildFile; fileRef = 808AFC042442A50F00550386 /* FavoritesSection.swift */; };
		808AFC072442A51700550386 /* BucketListSection.swift in Sources */ = {isa = PBXBuildFile; fileRef = 808AFC062442A51700550386 /* BucketListSection.swift */; };
		808AFC092442A51D00550386 /* ProfileSection.swift in Sources */ = {isa = PBXBuildFile; fileRef = 808AFC082442A51D00550386 /* ProfileSection.swift */; };
		808AFC0C2442A6E500550386 /* PageViewController.swift in Sources */ = {isa = PBXBuildFile; fileRef = 808AFC0B2442A6E500550386 /* PageViewController.swift */; };
		808AFC0E2442A70900550386 /* PageView.swift in Sources */ = {isa = PBXBuildFile; fileRef = 808AFC0D2442A70900550386 /* PageView.swift */; };
		808AFC102442A7D700550386 /* PageControl.swift in Sources */ = {isa = PBXBuildFile; fileRef = 808AFC0F2442A7D700550386 /* PageControl.swift */; };
		808AFC142442A82000550386 /* FeaturedSectionContainer.swift in Sources */ = {isa = PBXBuildFile; fileRef = 808AFC132442A82000550386 /* FeaturedSectionContainer.swift */; };
		808AFC162442A82700550386 /* FeaturedSection.swift in Sources */ = {isa = PBXBuildFile; fileRef = 808AFC152442A82700550386 /* FeaturedSection.swift */; };
		808AFC192442A86200550386 /* RestaurantItem.swift in Sources */ = {isa = PBXBuildFile; fileRef = 808AFC182442A86200550386 /* RestaurantItem.swift */; };
		808AFC1C2442A8D300550386 /* FeaturedCard.swift in Sources */ = {isa = PBXBuildFile; fileRef = 808AFC1B2442A8D300550386 /* FeaturedCard.swift */; };
		808AFC292442B36E00550386 /* LabeledSection.swift in Sources */ = {isa = PBXBuildFile; fileRef = 808AFC282442B36E00550386 /* LabeledSection.swift */; };
		808AFC2D2442B4EA00550386 /* RestaurantCard.swift in Sources */ = {isa = PBXBuildFile; fileRef = 808AFC2C2442B4EA00550386 /* RestaurantCard.swift */; };
		808AFC302442B7D200550386 /* TrendingSectionContainer.swift in Sources */ = {isa = PBXBuildFile; fileRef = 808AFC2F2442B7D200550386 /* TrendingSectionContainer.swift */; };
		808AFC322442B7D900550386 /* TrendingSection.swift in Sources */ = {isa = PBXBuildFile; fileRef = 808AFC312442B7D900550386 /* TrendingSection.swift */; };
		808AFC372443969900550386 /* ScrollableStackLabeledSection.swift in Sources */ = {isa = PBXBuildFile; fileRef = 808AFC362443969900550386 /* ScrollableStackLabeledSection.swift */; };
		808AFC3A2443978500550386 /* OttawaFavoritesSectionContainer.swift in Sources */ = {isa = PBXBuildFile; fileRef = 808AFC392443978500550386 /* OttawaFavoritesSectionContainer.swift */; };
		808AFC3C2443978E00550386 /* OttawaFavoritesSection.swift in Sources */ = {isa = PBXBuildFile; fileRef = 808AFC3B2443978E00550386 /* OttawaFavoritesSection.swift */; };
		808AFC3F244397FB00550386 /* TabBarFiller.swift in Sources */ = {isa = PBXBuildFile; fileRef = 808AFC3E244397FB00550386 /* TabBarFiller.swift */; };
		808AFC4224439A3D00550386 /* GraphQL.swift in Sources */ = {isa = PBXBuildFile; fileRef = 808AFC4124439A3D00550386 /* GraphQL.swift */; };
		808AFC4E24439AC700550386 /* Apollo in Frameworks */ = {isa = PBXBuildFile; productRef = 808AFC4D24439AC700550386 /* Apollo */; };
		808AFC5024439B4E00550386 /* schema.json in Resources */ = {isa = PBXBuildFile; fileRef = 808AFC4F24439B4E00550386 /* schema.json */; };
		808AFC5424439BC400550386 /* TrendingService.swift in Sources */ = {isa = PBXBuildFile; fileRef = 808AFC5324439BC400550386 /* TrendingService.swift */; };
		808AFC5624439BD300550386 /* Trending.graphql in Resources */ = {isa = PBXBuildFile; fileRef = 808AFC5524439BD300550386 /* Trending.graphql */; };
		808AFC5924439C8000550386 /* API.swift in Sources */ = {isa = PBXBuildFile; fileRef = 808AFC5824439C8000550386 /* API.swift */; };
		80C6B7F52447BC74001D9D29 /* Session.swift in Sources */ = {isa = PBXBuildFile; fileRef = 80C6B7F42447BC74001D9D29 /* Session.swift */; };
		80C6B7F72447BE97001D9D29 /* SignInController.swift in Sources */ = {isa = PBXBuildFile; fileRef = 80C6B7F62447BE97001D9D29 /* SignInController.swift */; };
		80C6B7F92447C321001D9D29 /* Application.swift in Sources */ = {isa = PBXBuildFile; fileRef = 80C6B7F82447C321001D9D29 /* Application.swift */; };
		80C6B7FB2447C3D5001D9D29 /* UIFont+weight.swift in Sources */ = {isa = PBXBuildFile; fileRef = 80C6B7FA2447C3D5001D9D29 /* UIFont+weight.swift */; };
		80C6B8002447C8EF001D9D29 /* SignIn+Authorization.swift in Sources */ = {isa = PBXBuildFile; fileRef = 80C6B7FF2447C8EF001D9D29 /* SignIn+Authorization.swift */; };
		80CE93192443F7A100BA33C9 /* URLImage in Frameworks */ = {isa = PBXBuildFile; productRef = 80CE93182443F7A100BA33C9 /* URLImage */; };
		80CE931D2443FC6E00BA33C9 /* CurrentUserService.swift in Sources */ = {isa = PBXBuildFile; fileRef = 80CE931B2443FC5500BA33C9 /* CurrentUserService.swift */; };
		80CE93222443FDC800BA33C9 /* MyFavoritesSectionContainer.swift in Sources */ = {isa = PBXBuildFile; fileRef = 80CE93212443FDC800BA33C9 /* MyFavoritesSectionContainer.swift */; };
		80CE93242443FDD000BA33C9 /* MyFavoritesSection.swift in Sources */ = {isa = PBXBuildFile; fileRef = 80CE93232443FDCF00BA33C9 /* MyFavoritesSection.swift */; };
		80CE93302444CF2700BA33C9 /* YouMayLikeRecommendationRow.swift in Sources */ = {isa = PBXBuildFile; fileRef = 80CE932F2444CF2700BA33C9 /* YouMayLikeRecommendationRow.swift */; };
		80CE93342444D01400BA33C9 /* MyBucketListSectionContainer.swift in Sources */ = {isa = PBXBuildFile; fileRef = 80CE93332444D01400BA33C9 /* MyBucketListSectionContainer.swift */; };
		80CE93362444D01D00BA33C9 /* MyBucketListSection.swift in Sources */ = {isa = PBXBuildFile; fileRef = 80CE93352444D01D00BA33C9 /* MyBucketListSection.swift */; };
		80CE93392444D60900BA33C9 /* TopBar.swift in Sources */ = {isa = PBXBuildFile; fileRef = 80CE93382444D60900BA33C9 /* TopBar.swift */; };
		80CE933C2444DC4100BA33C9 /* SearchButton.swift in Sources */ = {isa = PBXBuildFile; fileRef = 80CE933B2444DC4100BA33C9 /* SearchButton.swift */; };
		80CE933F2444E3EA00BA33C9 /* SearchModal.swift in Sources */ = {isa = PBXBuildFile; fileRef = 80CE933E2444E3EA00BA33C9 /* SearchModal.swift */; };
		80CE93412444E3F300BA33C9 /* SearchSection.swift in Sources */ = {isa = PBXBuildFile; fileRef = 80CE93402444E3F300BA33C9 /* SearchSection.swift */; };
		80CE93452444E41300BA33C9 /* RestaurantPicker.swift in Sources */ = {isa = PBXBuildFile; fileRef = 80CE93442444E41300BA33C9 /* RestaurantPicker.swift */; };
		80CE93482444E43300BA33C9 /* SearchSubsection.swift in Sources */ = {isa = PBXBuildFile; fileRef = 80CE93472444E43300BA33C9 /* SearchSubsection.swift */; };
		80CE934B2444E44600BA33C9 /* SearchItem.swift in Sources */ = {isa = PBXBuildFile; fileRef = 80CE934A2444E44600BA33C9 /* SearchItem.swift */; };
		80CE93502444E5AD00BA33C9 /* SearchSectionState.swift in Sources */ = {isa = PBXBuildFile; fileRef = 80CE934F2444E5AD00BA33C9 /* SearchSectionState.swift */; };
		80CE93522444E7A100BA33C9 /* SearchBar.swift in Sources */ = {isa = PBXBuildFile; fileRef = 80CE93512444E7A100BA33C9 /* SearchBar.swift */; };
		80CE93542444E7E000BA33C9 /* SearchBarTextField.swift in Sources */ = {isa = PBXBuildFile; fileRef = 80CE93532444E7E000BA33C9 /* SearchBarTextField.swift */; };
		80CE93562444E81000BA33C9 /* SearchBarPlaceholder.swift in Sources */ = {isa = PBXBuildFile; fileRef = 80CE93552444E81000BA33C9 /* SearchBarPlaceholder.swift */; };
		80CE93582445096700BA33C9 /* Search.graphql in Resources */ = {isa = PBXBuildFile; fileRef = 80CE93572445096700BA33C9 /* Search.graphql */; };
		80F942D8244299A6003B5A49 /* ForYouSection.swift in Sources */ = {isa = PBXBuildFile; fileRef = 80F942D7244299A6003B5A49 /* ForYouSection.swift */; };
		80F942DB244299D3003B5A49 /* AppServices.swift in Sources */ = {isa = PBXBuildFile; fileRef = 80F942DA244299D3003B5A49 /* AppServices.swift */; };
		80FCD23524450F6900D0B0CF /* AppActivityIndicator.swift in Sources */ = {isa = PBXBuildFile; fileRef = 80FCD23424450F6900D0B0CF /* AppActivityIndicator.swift */; };
		80FCD23724450F9600D0B0CF /* IndicatorShape.swift in Sources */ = {isa = PBXBuildFile; fileRef = 80FCD23624450F9600D0B0CF /* IndicatorShape.swift */; };
		80FCD23A244511BB00D0B0CF /* NSObject+Debounce.swift in Sources */ = {isa = PBXBuildFile; fileRef = 80FCD239244511BB00D0B0CF /* NSObject+Debounce.swift */; };
/* End PBXBuildFile section */

/* Begin PBXFileReference section */
		800254F3243EA6B30026B7C8 /* Ottawa Food Guide.app */ = {isa = PBXFileReference; explicitFileType = wrapper.application; includeInIndex = 0; path = "Ottawa Food Guide.app"; sourceTree = BUILT_PRODUCTS_DIR; };
		800254F6243EA6B30026B7C8 /* AppDelegate.swift */ = {isa = PBXFileReference; lastKnownFileType = sourcecode.swift; path = AppDelegate.swift; sourceTree = "<group>"; };
		800254F8243EA6B30026B7C8 /* SceneDelegate.swift */ = {isa = PBXFileReference; lastKnownFileType = sourcecode.swift; path = SceneDelegate.swift; sourceTree = "<group>"; };
		800254FA243EA6B30026B7C8 /* AppLayout.swift */ = {isa = PBXFileReference; lastKnownFileType = sourcecode.swift; path = AppLayout.swift; sourceTree = "<group>"; };
		800254FC243EA6B40026B7C8 /* Assets.xcassets */ = {isa = PBXFileReference; lastKnownFileType = folder.assetcatalog; path = Assets.xcassets; sourceTree = "<group>"; };
		800254FF243EA6B40026B7C8 /* Preview Assets.xcassets */ = {isa = PBXFileReference; lastKnownFileType = folder.assetcatalog; path = "Preview Assets.xcassets"; sourceTree = "<group>"; };
		80025502243EA6B40026B7C8 /* Base */ = {isa = PBXFileReference; lastKnownFileType = file.storyboard; name = Base; path = Base.lproj/LaunchScreen.storyboard; sourceTree = "<group>"; };
		80025504243EA6B40026B7C8 /* Info.plist */ = {isa = PBXFileReference; lastKnownFileType = text.plist.xml; path = Info.plist; sourceTree = "<group>"; };
		800996CA2443A499002A63F1 /* TouchScaleButton.swift */ = {isa = PBXFileReference; lastKnownFileType = sourcecode.swift; path = TouchScaleButton.swift; sourceTree = "<group>"; };
		800996CD2443AA6B002A63F1 /* ShrinkOnPressButtonStyle.swift */ = {isa = PBXFileReference; lastKnownFileType = sourcecode.swift; path = ShrinkOnPressButtonStyle.swift; sourceTree = "<group>"; };
		800996D42443B3A7002A63F1 /* RestaurantView.swift */ = {isa = PBXFileReference; lastKnownFileType = sourcecode.swift; path = RestaurantView.swift; sourceTree = "<group>"; };
		800996DF2443C49A002A63F1 /* RootHostingController.swift */ = {isa = PBXFileReference; lastKnownFileType = sourcecode.swift; path = RootHostingController.swift; sourceTree = "<group>"; };
		800996E22443C5AB002A63F1 /* RestaurantViewBackButton.swift */ = {isa = PBXFileReference; lastKnownFileType = sourcecode.swift; path = RestaurantViewBackButton.swift; sourceTree = "<group>"; };
		800996E42443C609002A63F1 /* RestaurantViewTopSpacer.swift */ = {isa = PBXFileReference; lastKnownFileType = sourcecode.swift; path = RestaurantViewTopSpacer.swift; sourceTree = "<group>"; };
		800996E62443C685002A63F1 /* RestaurantViewFrame.swift */ = {isa = PBXFileReference; lastKnownFileType = sourcecode.swift; path = RestaurantViewFrame.swift; sourceTree = "<group>"; };
		800996EA2443C889002A63F1 /* FloatingButton.swift */ = {isa = PBXFileReference; lastKnownFileType = sourcecode.swift; path = FloatingButton.swift; sourceTree = "<group>"; };
		800996EC2443C9BE002A63F1 /* FloatingRating.swift */ = {isa = PBXFileReference; lastKnownFileType = sourcecode.swift; path = FloatingRating.swift; sourceTree = "<group>"; };
		800996EF2443E087002A63F1 /* Restaurant.graphql */ = {isa = PBXFileReference; indentWidth = 2; lastKnownFileType = text; path = Restaurant.graphql; sourceTree = "<group>"; tabWidth = 2; };
		800996F12443E0E3002A63F1 /* RestaurantViewService.swift */ = {isa = PBXFileReference; lastKnownFileType = sourcecode.swift; path = RestaurantViewService.swift; sourceTree = "<group>"; };
		800996F32443EA4F002A63F1 /* ToggleFavorite.graphql */ = {isa = PBXFileReference; indentWidth = 2; lastKnownFileType = text; path = ToggleFavorite.graphql; sourceTree = "<group>"; tabWidth = 2; };
		800996F52443EBB9002A63F1 /* CreateBucketListItem.graphql */ = {isa = PBXFileReference; lastKnownFileType = text; path = CreateBucketListItem.graphql; sourceTree = "<group>"; };
		800996F72443EBBF002A63F1 /* DeleteBucketListItem.graphql */ = {isa = PBXFileReference; lastKnownFileType = text; path = DeleteBucketListItem.graphql; sourceTree = "<group>"; };
		800996FB2443EFFC002A63F1 /* RestaurantViewIconDetail.swift */ = {isa = PBXFileReference; lastKnownFileType = sourcecode.swift; path = RestaurantViewIconDetail.swift; sourceTree = "<group>"; };
		805820F42447C9AC006DAE2D /* ReadyController.swift */ = {isa = PBXFileReference; lastKnownFileType = sourcecode.swift; path = ReadyController.swift; sourceTree = "<group>"; };
		805820F62447CAFC006DAE2D /* OnboardingNavigationController.swift */ = {isa = PBXFileReference; lastKnownFileType = sourcecode.swift; path = OnboardingNavigationController.swift; sourceTree = "<group>"; };
		805820F92447D012006DAE2D /* OnboardingButton.swift */ = {isa = PBXFileReference; lastKnownFileType = sourcecode.swift; path = OnboardingButton.swift; sourceTree = "<group>"; };
		805820FC2447DDFE006DAE2D /* ValidateAppleID.graphql */ = {isa = PBXFileReference; indentWidth = 2; lastKnownFileType = text; path = ValidateAppleID.graphql; sourceTree = "<group>"; tabWidth = 2; };
		80644D2E2447EDAA00F13DA1 /* LocalStatusBarStyle.swift */ = {isa = PBXFileReference; lastKnownFileType = sourcecode.swift; path = LocalStatusBarStyle.swift; sourceTree = "<group>"; };
		80644D302447EDBB00F13DA1 /* LocalStatusBarStyleKey.swift */ = {isa = PBXFileReference; lastKnownFileType = sourcecode.swift; path = LocalStatusBarStyleKey.swift; sourceTree = "<group>"; };
		80644D322447EDD400F13DA1 /* EnvironmentValues+localStatusBarStyle.swift */ = {isa = PBXFileReference; lastKnownFileType = sourcecode.swift; path = "EnvironmentValues+localStatusBarStyle.swift"; sourceTree = "<group>"; };
		80644D342447EE6600F13DA1 /* RootHostingController+Onboarding.swift */ = {isa = PBXFileReference; lastKnownFileType = sourcecode.swift; path = "RootHostingController+Onboarding.swift"; sourceTree = "<group>"; };
		80644D372447EF6D00F13DA1 /* Alert.swift */ = {isa = PBXFileReference; lastKnownFileType = sourcecode.swift; path = Alert.swift; sourceTree = "<group>"; };
		808AFBEB24429AD600550386 /* SectionHeader.swift */ = {isa = PBXFileReference; lastKnownFileType = sourcecode.swift; path = SectionHeader.swift; sourceTree = "<group>"; };
		808AFBEE24429CC500550386 /* TabBar.swift */ = {isa = PBXFileReference; lastKnownFileType = sourcecode.swift; path = TabBar.swift; sourceTree = "<group>"; };
		808AFBF024429D4E00550386 /* AppSection.swift */ = {isa = PBXFileReference; lastKnownFileType = sourcecode.swift; path = AppSection.swift; sourceTree = "<group>"; };
		808AFBF324429E1000550386 /* AppState.swift */ = {isa = PBXFileReference; lastKnownFileType = sourcecode.swift; path = AppState.swift; sourceTree = "<group>"; };
		808AFBF524429E3A00550386 /* TabBarContainer.swift */ = {isa = PBXFileReference; lastKnownFileType = sourcecode.swift; path = TabBarContainer.swift; sourceTree = "<group>"; };
		808AFBF924429E9600550386 /* TabData.swift */ = {isa = PBXFileReference; lastKnownFileType = sourcecode.swift; path = TabData.swift; sourceTree = "<group>"; };
		808AFBFB24429EF500550386 /* TabBarItem.swift */ = {isa = PBXFileReference; lastKnownFileType = sourcecode.swift; path = TabBarItem.swift; sourceTree = "<group>"; };
		808AFBFD2442A47100550386 /* CurrentSectionContainer.swift */ = {isa = PBXFileReference; lastKnownFileType = sourcecode.swift; path = CurrentSectionContainer.swift; sourceTree = "<group>"; };
		808AFBFF2442A47E00550386 /* CurrentSection.swift */ = {isa = PBXFileReference; lastKnownFileType = sourcecode.swift; path = CurrentSection.swift; sourceTree = "<group>"; };
		808AFC042442A50F00550386 /* FavoritesSection.swift */ = {isa = PBXFileReference; lastKnownFileType = sourcecode.swift; path = FavoritesSection.swift; sourceTree = "<group>"; };
		808AFC062442A51700550386 /* BucketListSection.swift */ = {isa = PBXFileReference; lastKnownFileType = sourcecode.swift; path = BucketListSection.swift; sourceTree = "<group>"; };
		808AFC082442A51D00550386 /* ProfileSection.swift */ = {isa = PBXFileReference; lastKnownFileType = sourcecode.swift; path = ProfileSection.swift; sourceTree = "<group>"; };
		808AFC0B2442A6E500550386 /* PageViewController.swift */ = {isa = PBXFileReference; lastKnownFileType = sourcecode.swift; path = PageViewController.swift; sourceTree = "<group>"; };
		808AFC0D2442A70900550386 /* PageView.swift */ = {isa = PBXFileReference; lastKnownFileType = sourcecode.swift; path = PageView.swift; sourceTree = "<group>"; };
		808AFC0F2442A7D700550386 /* PageControl.swift */ = {isa = PBXFileReference; lastKnownFileType = sourcecode.swift; path = PageControl.swift; sourceTree = "<group>"; };
		808AFC132442A82000550386 /* FeaturedSectionContainer.swift */ = {isa = PBXFileReference; lastKnownFileType = sourcecode.swift; path = FeaturedSectionContainer.swift; sourceTree = "<group>"; };
		808AFC152442A82700550386 /* FeaturedSection.swift */ = {isa = PBXFileReference; lastKnownFileType = sourcecode.swift; path = FeaturedSection.swift; sourceTree = "<group>"; };
		808AFC182442A86200550386 /* RestaurantItem.swift */ = {isa = PBXFileReference; lastKnownFileType = sourcecode.swift; path = RestaurantItem.swift; sourceTree = "<group>"; };
		808AFC1B2442A8D300550386 /* FeaturedCard.swift */ = {isa = PBXFileReference; lastKnownFileType = sourcecode.swift; path = FeaturedCard.swift; sourceTree = "<group>"; };
		808AFC282442B36E00550386 /* LabeledSection.swift */ = {isa = PBXFileReference; lastKnownFileType = sourcecode.swift; path = LabeledSection.swift; sourceTree = "<group>"; };
		808AFC2C2442B4EA00550386 /* RestaurantCard.swift */ = {isa = PBXFileReference; lastKnownFileType = sourcecode.swift; path = RestaurantCard.swift; sourceTree = "<group>"; };
		808AFC2F2442B7D200550386 /* TrendingSectionContainer.swift */ = {isa = PBXFileReference; lastKnownFileType = sourcecode.swift; path = TrendingSectionContainer.swift; sourceTree = "<group>"; };
		808AFC312442B7D900550386 /* TrendingSection.swift */ = {isa = PBXFileReference; lastKnownFileType = sourcecode.swift; path = TrendingSection.swift; sourceTree = "<group>"; };
		808AFC362443969900550386 /* ScrollableStackLabeledSection.swift */ = {isa = PBXFileReference; lastKnownFileType = sourcecode.swift; path = ScrollableStackLabeledSection.swift; sourceTree = "<group>"; };
		808AFC392443978500550386 /* OttawaFavoritesSectionContainer.swift */ = {isa = PBXFileReference; lastKnownFileType = sourcecode.swift; path = OttawaFavoritesSectionContainer.swift; sourceTree = "<group>"; };
		808AFC3B2443978E00550386 /* OttawaFavoritesSection.swift */ = {isa = PBXFileReference; lastKnownFileType = sourcecode.swift; path = OttawaFavoritesSection.swift; sourceTree = "<group>"; };
		808AFC3E244397FB00550386 /* TabBarFiller.swift */ = {isa = PBXFileReference; lastKnownFileType = sourcecode.swift; path = TabBarFiller.swift; sourceTree = "<group>"; };
		808AFC4124439A3D00550386 /* GraphQL.swift */ = {isa = PBXFileReference; lastKnownFileType = sourcecode.swift; path = GraphQL.swift; sourceTree = "<group>"; };
		808AFC4F24439B4E00550386 /* schema.json */ = {isa = PBXFileReference; fileEncoding = 4; lastKnownFileType = text.json; path = schema.json; sourceTree = "<group>"; };
		808AFC5324439BC400550386 /* TrendingService.swift */ = {isa = PBXFileReference; lastKnownFileType = sourcecode.swift; path = TrendingService.swift; sourceTree = "<group>"; };
		808AFC5524439BD300550386 /* Trending.graphql */ = {isa = PBXFileReference; indentWidth = 2; lastKnownFileType = text; path = Trending.graphql; sourceTree = "<group>"; tabWidth = 2; };
		808AFC5824439C8000550386 /* API.swift */ = {isa = PBXFileReference; fileEncoding = 4; lastKnownFileType = sourcecode.swift; path = API.swift; sourceTree = "<group>"; };
		80C6B7F42447BC74001D9D29 /* Session.swift */ = {isa = PBXFileReference; lastKnownFileType = sourcecode.swift; path = Session.swift; sourceTree = "<group>"; };
		80C6B7F62447BE97001D9D29 /* SignInController.swift */ = {isa = PBXFileReference; lastKnownFileType = sourcecode.swift; path = SignInController.swift; sourceTree = "<group>"; };
		80C6B7F82447C321001D9D29 /* Application.swift */ = {isa = PBXFileReference; lastKnownFileType = sourcecode.swift; path = Application.swift; sourceTree = "<group>"; };
		80C6B7FA2447C3D5001D9D29 /* UIFont+weight.swift */ = {isa = PBXFileReference; lastKnownFileType = sourcecode.swift; path = "UIFont+weight.swift"; sourceTree = "<group>"; };
		80C6B7FC2447C72D001D9D29 /* OttawaFood.entitlements */ = {isa = PBXFileReference; lastKnownFileType = text.plist.entitlements; path = OttawaFood.entitlements; sourceTree = "<group>"; };
		80C6B7FF2447C8EF001D9D29 /* SignIn+Authorization.swift */ = {isa = PBXFileReference; lastKnownFileType = sourcecode.swift; path = "SignIn+Authorization.swift"; sourceTree = "<group>"; };
		80CE931B2443FC5500BA33C9 /* CurrentUserService.swift */ = {isa = PBXFileReference; lastKnownFileType = sourcecode.swift; path = CurrentUserService.swift; sourceTree = "<group>"; };
		80CE931C2443FC5500BA33C9 /* CurrentUser.graphql */ = {isa = PBXFileReference; indentWidth = 2; lastKnownFileType = text; path = CurrentUser.graphql; sourceTree = "<group>"; tabWidth = 2; };
		80CE93212443FDC800BA33C9 /* MyFavoritesSectionContainer.swift */ = {isa = PBXFileReference; lastKnownFileType = sourcecode.swift; path = MyFavoritesSectionContainer.swift; sourceTree = "<group>"; };
		80CE93232443FDCF00BA33C9 /* MyFavoritesSection.swift */ = {isa = PBXFileReference; lastKnownFileType = sourcecode.swift; path = MyFavoritesSection.swift; sourceTree = "<group>"; };
		80CE932F2444CF2700BA33C9 /* YouMayLikeRecommendationRow.swift */ = {isa = PBXFileReference; lastKnownFileType = sourcecode.swift; path = YouMayLikeRecommendationRow.swift; sourceTree = "<group>"; };
		80CE93332444D01400BA33C9 /* MyBucketListSectionContainer.swift */ = {isa = PBXFileReference; lastKnownFileType = sourcecode.swift; path = MyBucketListSectionContainer.swift; sourceTree = "<group>"; };
		80CE93352444D01D00BA33C9 /* MyBucketListSection.swift */ = {isa = PBXFileReference; lastKnownFileType = sourcecode.swift; path = MyBucketListSection.swift; sourceTree = "<group>"; };
		80CE93382444D60900BA33C9 /* TopBar.swift */ = {isa = PBXFileReference; lastKnownFileType = sourcecode.swift; path = TopBar.swift; sourceTree = "<group>"; };
		80CE933B2444DC4100BA33C9 /* SearchButton.swift */ = {isa = PBXFileReference; lastKnownFileType = sourcecode.swift; path = SearchButton.swift; sourceTree = "<group>"; };
		80CE933E2444E3EA00BA33C9 /* SearchModal.swift */ = {isa = PBXFileReference; lastKnownFileType = sourcecode.swift; path = SearchModal.swift; sourceTree = "<group>"; };
		80CE93402444E3F300BA33C9 /* SearchSection.swift */ = {isa = PBXFileReference; lastKnownFileType = sourcecode.swift; path = SearchSection.swift; sourceTree = "<group>"; };
		80CE93442444E41300BA33C9 /* RestaurantPicker.swift */ = {isa = PBXFileReference; lastKnownFileType = sourcecode.swift; path = RestaurantPicker.swift; sourceTree = "<group>"; };
		80CE93472444E43300BA33C9 /* SearchSubsection.swift */ = {isa = PBXFileReference; lastKnownFileType = sourcecode.swift; path = SearchSubsection.swift; sourceTree = "<group>"; };
		80CE934A2444E44600BA33C9 /* SearchItem.swift */ = {isa = PBXFileReference; lastKnownFileType = sourcecode.swift; path = SearchItem.swift; sourceTree = "<group>"; };
		80CE934F2444E5AD00BA33C9 /* SearchSectionState.swift */ = {isa = PBXFileReference; lastKnownFileType = sourcecode.swift; path = SearchSectionState.swift; sourceTree = "<group>"; };
		80CE93512444E7A100BA33C9 /* SearchBar.swift */ = {isa = PBXFileReference; lastKnownFileType = sourcecode.swift; path = SearchBar.swift; sourceTree = "<group>"; };
		80CE93532444E7E000BA33C9 /* SearchBarTextField.swift */ = {isa = PBXFileReference; lastKnownFileType = sourcecode.swift; path = SearchBarTextField.swift; sourceTree = "<group>"; };
		80CE93552444E81000BA33C9 /* SearchBarPlaceholder.swift */ = {isa = PBXFileReference; lastKnownFileType = sourcecode.swift; path = SearchBarPlaceholder.swift; sourceTree = "<group>"; };
		80CE93572445096700BA33C9 /* Search.graphql */ = {isa = PBXFileReference; lastKnownFileType = text; path = Search.graphql; sourceTree = "<group>"; };
		80EFD1DA2443A29000F2EDCC /* OttawaFavorites.graphql */ = {isa = PBXFileReference; lastKnownFileType = text; path = OttawaFavorites.graphql; sourceTree = "<group>"; };
		80EFD1DB2443A29200F2EDCC /* OttawaFavoritesService.swift */ = {isa = PBXFileReference; lastKnownFileType = sourcecode.swift; path = OttawaFavoritesService.swift; sourceTree = "<group>"; };
		80F942D7244299A6003B5A49 /* ForYouSection.swift */ = {isa = PBXFileReference; lastKnownFileType = sourcecode.swift; path = ForYouSection.swift; sourceTree = "<group>"; };
		80F942DA244299D3003B5A49 /* AppServices.swift */ = {isa = PBXFileReference; lastKnownFileType = sourcecode.swift; path = AppServices.swift; sourceTree = "<group>"; };
		80FCD23424450F6900D0B0CF /* AppActivityIndicator.swift */ = {isa = PBXFileReference; lastKnownFileType = sourcecode.swift; path = AppActivityIndicator.swift; sourceTree = "<group>"; };
		80FCD23624450F9600D0B0CF /* IndicatorShape.swift */ = {isa = PBXFileReference; lastKnownFileType = sourcecode.swift; path = IndicatorShape.swift; sourceTree = "<group>"; };
		80FCD239244511BB00D0B0CF /* NSObject+Debounce.swift */ = {isa = PBXFileReference; lastKnownFileType = sourcecode.swift; path = "NSObject+Debounce.swift"; sourceTree = "<group>"; };
/* End PBXFileReference section */

/* Begin PBXFrameworksBuildPhase section */
		800254F0243EA6B30026B7C8 /* Frameworks */ = {
			isa = PBXFrameworksBuildPhase;
			buildActionMask = 2147483647;
			files = (
				80CE93192443F7A100BA33C9 /* URLImage in Frameworks */,
				808AFC4E24439AC700550386 /* Apollo in Frameworks */,
				80644D2D2447EC4600F13DA1 /* KeychainAccess in Frameworks */,
			);
			runOnlyForDeploymentPostprocessing = 0;
		};
/* End PBXFrameworksBuildPhase section */

/* Begin PBXGroup section */
		800254EA243EA6B30026B7C8 = {
			isa = PBXGroup;
			children = (
				800254F5243EA6B30026B7C8 /* OttawaFood */,
				800254F4243EA6B30026B7C8 /* Products */,
			);
			sourceTree = "<group>";
		};
		800254F4243EA6B30026B7C8 /* Products */ = {
			isa = PBXGroup;
			children = (
				800254F3243EA6B30026B7C8 /* Ottawa Food Guide.app */,
			);
			name = Products;
			sourceTree = "<group>";
		};
		800254F5243EA6B30026B7C8 /* OttawaFood */ = {
			isa = PBXGroup;
			children = (
				80C6B7FC2447C72D001D9D29 /* OttawaFood.entitlements */,
				80F942D324429936003B5A49 /* Application */,
				80FCD238244511B100D0B0CF /* Extensions */,
				808AFC4024439A1800550386 /* GraphQL */,
				80F942D224429914003B5A49 /* Views */,
				80F942D524429990003B5A49 /* Sections */,
				800254FC243EA6B40026B7C8 /* Assets.xcassets */,
				80025501243EA6B40026B7C8 /* LaunchScreen.storyboard */,
				80025504243EA6B40026B7C8 /* Info.plist */,
				800254FE243EA6B40026B7C8 /* Preview Content */,
			);
			path = OttawaFood;
			sourceTree = "<group>";
		};
		800254FE243EA6B40026B7C8 /* Preview Content */ = {
			isa = PBXGroup;
			children = (
				800254FF243EA6B40026B7C8 /* Preview Assets.xcassets */,
			);
			path = "Preview Content";
			sourceTree = "<group>";
		};
		800996C92443A487002A63F1 /* TouchScale */ = {
			isa = PBXGroup;
			children = (
				800996CA2443A499002A63F1 /* TouchScaleButton.swift */,
			);
			path = TouchScale;
			sourceTree = "<group>";
		};
		800996CC2443AA5F002A63F1 /* ButtonStyles */ = {
			isa = PBXGroup;
			children = (
				800996CD2443AA6B002A63F1 /* ShrinkOnPressButtonStyle.swift */,
			);
			path = ButtonStyles;
			sourceTree = "<group>";
		};
		800996D32443B396002A63F1 /* Restaurant */ = {
			isa = PBXGroup;
			children = (
				800996EE2443E06E002A63F1 /* GraphQL */,
				800996E12443C59E002A63F1 /* Components */,
				800996D42443B3A7002A63F1 /* RestaurantView.swift */,
			);
			path = Restaurant;
			sourceTree = "<group>";
		};
		800996DE2443C48D002A63F1 /* RootController */ = {
			isa = PBXGroup;
			children = (
				800996DF2443C49A002A63F1 /* RootHostingController.swift */,
				80644D2E2447EDAA00F13DA1 /* LocalStatusBarStyle.swift */,
				80644D302447EDBB00F13DA1 /* LocalStatusBarStyleKey.swift */,
				80644D322447EDD400F13DA1 /* EnvironmentValues+localStatusBarStyle.swift */,
				80644D342447EE6600F13DA1 /* RootHostingController+Onboarding.swift */,
			);
			path = RootController;
			sourceTree = "<group>";
		};
		800996E12443C59E002A63F1 /* Components */ = {
			isa = PBXGroup;
			children = (
				800996E82443C861002A63F1 /* RestaurantViewFrame */,
				800996EA2443C889002A63F1 /* FloatingButton.swift */,
				800996EC2443C9BE002A63F1 /* FloatingRating.swift */,
				800996FB2443EFFC002A63F1 /* RestaurantViewIconDetail.swift */,
			);
			path = Components;
			sourceTree = "<group>";
		};
		800996E82443C861002A63F1 /* RestaurantViewFrame */ = {
			isa = PBXGroup;
			children = (
				800996E92443C868002A63F1 /* Components */,
				800996E62443C685002A63F1 /* RestaurantViewFrame.swift */,
			);
			path = RestaurantViewFrame;
			sourceTree = "<group>";
		};
		800996E92443C868002A63F1 /* Components */ = {
			isa = PBXGroup;
			children = (
				800996E22443C5AB002A63F1 /* RestaurantViewBackButton.swift */,
				800996E42443C609002A63F1 /* RestaurantViewTopSpacer.swift */,
			);
			path = Components;
			sourceTree = "<group>";
		};
		800996EE2443E06E002A63F1 /* GraphQL */ = {
			isa = PBXGroup;
			children = (
				800996F12443E0E3002A63F1 /* RestaurantViewService.swift */,
				800996EF2443E087002A63F1 /* Restaurant.graphql */,
				800996F52443EBB9002A63F1 /* CreateBucketListItem.graphql */,
				800996F72443EBBF002A63F1 /* DeleteBucketListItem.graphql */,
				800996F32443EA4F002A63F1 /* ToggleFavorite.graphql */,
			);
			path = GraphQL;
			sourceTree = "<group>";
		};
		805820F32447C993006DAE2D /* Ready */ = {
			isa = PBXGroup;
			children = (
				805820F82447D005006DAE2D /* Components */,
				805820F42447C9AC006DAE2D /* ReadyController.swift */,
			);
			path = Ready;
			sourceTree = "<group>";
		};
		805820F82447D005006DAE2D /* Components */ = {
			isa = PBXGroup;
			children = (
				805820F92447D012006DAE2D /* OnboardingButton.swift */,
			);
			path = Components;
			sourceTree = "<group>";
		};
		805820FB2447DDDD006DAE2D /* GraphQL */ = {
			isa = PBXGroup;
			children = (
				805820FC2447DDFE006DAE2D /* ValidateAppleID.graphql */,
			);
			path = GraphQL;
			sourceTree = "<group>";
		};
		80644D362447EF6600F13DA1 /* Helpers */ = {
			isa = PBXGroup;
			children = (
				80644D372447EF6D00F13DA1 /* Alert.swift */,
			);
			path = Helpers;
			sourceTree = "<group>";
		};
		808AFBED24429CB700550386 /* TabBar */ = {
			isa = PBXGroup;
			children = (
				808AFC3D244397ED00550386 /* Accessories */,
				808AFBF824429E8C00550386 /* Models */,
				808AFBF724429E8500550386 /* Components */,
				808AFBEE24429CC500550386 /* TabBar.swift */,
				808AFBF524429E3A00550386 /* TabBarContainer.swift */,
			);
			path = TabBar;
			sourceTree = "<group>";
		};
		808AFBF224429E0700550386 /* States */ = {
			isa = PBXGroup;
			children = (
				808AFBF324429E1000550386 /* AppState.swift */,
				80CE934F2444E5AD00BA33C9 /* SearchSectionState.swift */,
				80CE93572445096700BA33C9 /* Search.graphql */,
			);
			path = States;
			sourceTree = "<group>";
		};
		808AFBF724429E8500550386 /* Components */ = {
			isa = PBXGroup;
			children = (
				808AFBFB24429EF500550386 /* TabBarItem.swift */,
			);
			path = Components;
			sourceTree = "<group>";
		};
		808AFBF824429E8C00550386 /* Models */ = {
			isa = PBXGroup;
			children = (
				808AFBF924429E9600550386 /* TabData.swift */,
			);
			path = Models;
			sourceTree = "<group>";
		};
		808AFC012442A4F700550386 /* Favorites */ = {
			isa = PBXGroup;
			children = (
				80CE931E2443FD4F00BA33C9 /* Subsections */,
				808AFC042442A50F00550386 /* FavoritesSection.swift */,
			);
			path = Favorites;
			sourceTree = "<group>";
		};
		808AFC022442A4FD00550386 /* BucketList */ = {
			isa = PBXGroup;
			children = (
				80CE93312444CFFF00BA33C9 /* Subsections */,
				808AFC062442A51700550386 /* BucketListSection.swift */,
			);
			path = BucketList;
			sourceTree = "<group>";
		};
		808AFC032442A50400550386 /* Profile */ = {
			isa = PBXGroup;
			children = (
				808AFC082442A51D00550386 /* ProfileSection.swift */,
			);
			path = Profile;
			sourceTree = "<group>";
		};
		808AFC0A2442A6CF00550386 /* PageView */ = {
			isa = PBXGroup;
			children = (
				808AFC0D2442A70900550386 /* PageView.swift */,
				808AFC0F2442A7D700550386 /* PageControl.swift */,
				808AFC0B2442A6E500550386 /* PageViewController.swift */,
			);
			path = PageView;
			sourceTree = "<group>";
		};
		808AFC112442A80800550386 /* Subsections */ = {
			isa = PBXGroup;
			children = (
				808AFC122442A81600550386 /* Featured */,
				808AFC2E2442B7C200550386 /* Trending */,
				808AFC382443976B00550386 /* OttawaFavorites */,
			);
			path = Subsections;
			sourceTree = "<group>";
		};
		808AFC122442A81600550386 /* Featured */ = {
			isa = PBXGroup;
			children = (
				808AFC1A2442A8C200550386 /* Components */,
				808AFC172442A85500550386 /* Models */,
				808AFC152442A82700550386 /* FeaturedSection.swift */,
				808AFC132442A82000550386 /* FeaturedSectionContainer.swift */,
			);
			path = Featured;
			sourceTree = "<group>";
		};
		808AFC172442A85500550386 /* Models */ = {
			isa = PBXGroup;
			children = (
				808AFC182442A86200550386 /* RestaurantItem.swift */,
			);
			path = Models;
			sourceTree = "<group>";
		};
		808AFC1A2442A8C200550386 /* Components */ = {
			isa = PBXGroup;
			children = (
				808AFC1B2442A8D300550386 /* FeaturedCard.swift */,
			);
			path = Components;
			sourceTree = "<group>";
		};
		808AFC272442B35B00550386 /* LabeledSection */ = {
			isa = PBXGroup;
			children = (
				808AFC352443968800550386 /* Scrollable */,
				808AFC282442B36E00550386 /* LabeledSection.swift */,
			);
			path = LabeledSection;
			sourceTree = "<group>";
		};
		808AFC2B2442B4DE00550386 /* RestaurantCard */ = {
			isa = PBXGroup;
			children = (
				808AFC2C2442B4EA00550386 /* RestaurantCard.swift */,
			);
			path = RestaurantCard;
			sourceTree = "<group>";
		};
		808AFC2E2442B7C200550386 /* Trending */ = {
			isa = PBXGroup;
			children = (
				808AFC312442B7D900550386 /* TrendingSection.swift */,
				808AFC2F2442B7D200550386 /* TrendingSectionContainer.swift */,
			);
			path = Trending;
			sourceTree = "<group>";
		};
		808AFC352443968800550386 /* Scrollable */ = {
			isa = PBXGroup;
			children = (
				808AFC362443969900550386 /* ScrollableStackLabeledSection.swift */,
			);
			path = Scrollable;
			sourceTree = "<group>";
		};
		808AFC382443976B00550386 /* OttawaFavorites */ = {
			isa = PBXGroup;
			children = (
				808AFC3B2443978E00550386 /* OttawaFavoritesSection.swift */,
				808AFC392443978500550386 /* OttawaFavoritesSectionContainer.swift */,
			);
			path = OttawaFavorites;
			sourceTree = "<group>";
		};
		808AFC3D244397ED00550386 /* Accessories */ = {
			isa = PBXGroup;
			children = (
				808AFC3E244397FB00550386 /* TabBarFiller.swift */,
			);
			path = Accessories;
			sourceTree = "<group>";
		};
		808AFC4024439A1800550386 /* GraphQL */ = {
			isa = PBXGroup;
			children = (
				808AFC5824439C8000550386 /* API.swift */,
				808AFC4124439A3D00550386 /* GraphQL.swift */,
				808AFC4F24439B4E00550386 /* schema.json */,
			);
			path = GraphQL;
			sourceTree = "<group>";
		};
		808AFC5124439B9400550386 /* Services */ = {
			isa = PBXGroup;
			children = (
				80CE931A2443FC4F00BA33C9 /* CurrentUser */,
				80EFD1D92443A28A00F2EDCC /* OttawaFavorites */,
				808AFC5224439BAB00550386 /* Trending */,
			);
			path = Services;
			sourceTree = "<group>";
		};
		808AFC5224439BAB00550386 /* Trending */ = {
			isa = PBXGroup;
			children = (
				808AFC5324439BC400550386 /* TrendingService.swift */,
				808AFC5524439BD300550386 /* Trending.graphql */,
			);
			path = Trending;
			sourceTree = "<group>";
		};
		80C6B7F22447BA40001D9D29 /* Onboarding */ = {
			isa = PBXGroup;
			children = (
				805820F62447CAFC006DAE2D /* OnboardingNavigationController.swift */,
				80C6B7FE2447C8D7001D9D29 /* SignIn */,
				805820F32447C993006DAE2D /* Ready */,
			);
			path = Onboarding;
			sourceTree = "<group>";
		};
		80C6B7FD2447C7F2001D9D29 /* Session */ = {
			isa = PBXGroup;
			children = (
				805820FB2447DDDD006DAE2D /* GraphQL */,
				80C6B7F42447BC74001D9D29 /* Session.swift */,
			);
			path = Session;
			sourceTree = "<group>";
		};
		80C6B7FE2447C8D7001D9D29 /* SignIn */ = {
			isa = PBXGroup;
			children = (
				80C6B7F62447BE97001D9D29 /* SignInController.swift */,
				80C6B7FF2447C8EF001D9D29 /* SignIn+Authorization.swift */,
			);
			path = SignIn;
			sourceTree = "<group>";
		};
		80CE931A2443FC4F00BA33C9 /* CurrentUser */ = {
			isa = PBXGroup;
			children = (
				80CE931B2443FC5500BA33C9 /* CurrentUserService.swift */,
				80CE931C2443FC5500BA33C9 /* CurrentUser.graphql */,
			);
			path = CurrentUser;
			sourceTree = "<group>";
		};
		80CE931E2443FD4F00BA33C9 /* Subsections */ = {
			isa = PBXGroup;
			children = (
				80CE931F2443FD5800BA33C9 /* MyFavorites */,
			);
			path = Subsections;
			sourceTree = "<group>";
		};
		80CE931F2443FD5800BA33C9 /* MyFavorites */ = {
			isa = PBXGroup;
			children = (
				80CE93232443FDCF00BA33C9 /* MyFavoritesSection.swift */,
				80CE93212443FDC800BA33C9 /* MyFavoritesSectionContainer.swift */,
			);
			path = MyFavorites;
			sourceTree = "<group>";
		};
		80CE932E2444CF1400BA33C9 /* RecommendationRows */ = {
			isa = PBXGroup;
			children = (
				80CE932F2444CF2700BA33C9 /* YouMayLikeRecommendationRow.swift */,
			);
			path = RecommendationRows;
			sourceTree = "<group>";
		};
		80CE93312444CFFF00BA33C9 /* Subsections */ = {
			isa = PBXGroup;
			children = (
				80CE93322444D00600BA33C9 /* MyBucketList */,
			);
			path = Subsections;
			sourceTree = "<group>";
		};
		80CE93322444D00600BA33C9 /* MyBucketList */ = {
			isa = PBXGroup;
			children = (
				80CE93352444D01D00BA33C9 /* MyBucketListSection.swift */,
				80CE93332444D01400BA33C9 /* MyBucketListSectionContainer.swift */,
			);
			path = MyBucketList;
			sourceTree = "<group>";
		};
		80CE93372444D5F200BA33C9 /* TopBar */ = {
			isa = PBXGroup;
			children = (
				80CE933A2444DC3600BA33C9 /* Components */,
				80CE93382444D60900BA33C9 /* TopBar.swift */,
			);
			path = TopBar;
			sourceTree = "<group>";
		};
		80CE933A2444DC3600BA33C9 /* Components */ = {
			isa = PBXGroup;
			children = (
				80CE933B2444DC4100BA33C9 /* SearchButton.swift */,
			);
			path = Components;
			sourceTree = "<group>";
		};
		80CE933D2444E3DA00BA33C9 /* Search */ = {
			isa = PBXGroup;
			children = (
				80CE93422444E3F800BA33C9 /* Components */,
				80CE93402444E3F300BA33C9 /* SearchSection.swift */,
				80CE933E2444E3EA00BA33C9 /* SearchModal.swift */,
			);
			path = Search;
			sourceTree = "<group>";
		};
		80CE93422444E3F800BA33C9 /* Components */ = {
			isa = PBXGroup;
			children = (
				80CE93432444E40800BA33C9 /* RestaurantPicker */,
			);
			path = Components;
			sourceTree = "<group>";
		};
		80CE93432444E40800BA33C9 /* RestaurantPicker */ = {
			isa = PBXGroup;
			children = (
				80CE93462444E41500BA33C9 /* Components */,
				80CE93442444E41300BA33C9 /* RestaurantPicker.swift */,
			);
			path = RestaurantPicker;
			sourceTree = "<group>";
		};
		80CE93462444E41500BA33C9 /* Components */ = {
			isa = PBXGroup;
			children = (
				80CE934A2444E44600BA33C9 /* SearchItem.swift */,
				80CE93472444E43300BA33C9 /* SearchSubsection.swift */,
				80CE93512444E7A100BA33C9 /* SearchBar.swift */,
				80CE93532444E7E000BA33C9 /* SearchBarTextField.swift */,
				80CE93552444E81000BA33C9 /* SearchBarPlaceholder.swift */,
			);
			path = Components;
			sourceTree = "<group>";
		};
		80EFD1D92443A28A00F2EDCC /* OttawaFavorites */ = {
			isa = PBXGroup;
			children = (
				80EFD1DB2443A29200F2EDCC /* OttawaFavoritesService.swift */,
				80EFD1DA2443A29000F2EDCC /* OttawaFavorites.graphql */,
			);
			path = OttawaFavorites;
			sourceTree = "<group>";
		};
		80F942D224429914003B5A49 /* Views */ = {
			isa = PBXGroup;
			children = (
				80FCD23324450F5D00D0B0CF /* ActivityIndicator */,
				80CE93372444D5F200BA33C9 /* TopBar */,
				80CE932E2444CF1400BA33C9 /* RecommendationRows */,
				800996CC2443AA5F002A63F1 /* ButtonStyles */,
				800996C92443A487002A63F1 /* TouchScale */,
				808AFC2B2442B4DE00550386 /* RestaurantCard */,
				80F942D424429972003B5A49 /* AppLayout */,
				808AFC0A2442A6CF00550386 /* PageView */,
				808AFBED24429CB700550386 /* TabBar */,
				80F942D9244299AC003B5A49 /* SectionHeader */,
				808AFC272442B35B00550386 /* LabeledSection */,
			);
			path = Views;
			sourceTree = "<group>";
		};
		80F942D324429936003B5A49 /* Application */ = {
			isa = PBXGroup;
			children = (
				80644D362447EF6600F13DA1 /* Helpers */,
				800996DE2443C48D002A63F1 /* RootController */,
				808AFC5124439B9400550386 /* Services */,
				808AFBF224429E0700550386 /* States */,
				800254F6243EA6B30026B7C8 /* AppDelegate.swift */,
				800254F8243EA6B30026B7C8 /* SceneDelegate.swift */,
				80F942DA244299D3003B5A49 /* AppServices.swift */,
				808AFBF024429D4E00550386 /* AppSection.swift */,
				80C6B7FD2447C7F2001D9D29 /* Session */,
				80C6B7F82447C321001D9D29 /* Application.swift */,
			);
			path = Application;
			sourceTree = "<group>";
		};
		80F942D424429972003B5A49 /* AppLayout */ = {
			isa = PBXGroup;
			children = (
				800254FA243EA6B30026B7C8 /* AppLayout.swift */,
			);
			path = AppLayout;
			sourceTree = "<group>";
		};
		80F942D524429990003B5A49 /* Sections */ = {
			isa = PBXGroup;
			children = (
				80C6B7F22447BA40001D9D29 /* Onboarding */,
				80F942D624429998003B5A49 /* ForYou */,
				808AFC012442A4F700550386 /* Favorites */,
				808AFC022442A4FD00550386 /* BucketList */,
				808AFC032442A50400550386 /* Profile */,
				800996D32443B396002A63F1 /* Restaurant */,
				80CE933D2444E3DA00BA33C9 /* Search */,
				808AFBFF2442A47E00550386 /* CurrentSection.swift */,
				808AFBFD2442A47100550386 /* CurrentSectionContainer.swift */,
			);
			path = Sections;
			sourceTree = "<group>";
		};
		80F942D624429998003B5A49 /* ForYou */ = {
			isa = PBXGroup;
			children = (
				808AFC112442A80800550386 /* Subsections */,
				80F942D7244299A6003B5A49 /* ForYouSection.swift */,
			);
			path = ForYou;
			sourceTree = "<group>";
		};
		80F942D9244299AC003B5A49 /* SectionHeader */ = {
			isa = PBXGroup;
			children = (
				808AFBEB24429AD600550386 /* SectionHeader.swift */,
			);
			path = SectionHeader;
			sourceTree = "<group>";
		};
		80FCD23324450F5D00D0B0CF /* ActivityIndicator */ = {
			isa = PBXGroup;
			children = (
				80FCD23424450F6900D0B0CF /* AppActivityIndicator.swift */,
				80FCD23624450F9600D0B0CF /* IndicatorShape.swift */,
			);
			path = ActivityIndicator;
			sourceTree = "<group>";
		};
		80FCD238244511B100D0B0CF /* Extensions */ = {
			isa = PBXGroup;
			children = (
				80FCD239244511BB00D0B0CF /* NSObject+Debounce.swift */,
				80C6B7FA2447C3D5001D9D29 /* UIFont+weight.swift */,
			);
			path = Extensions;
			sourceTree = "<group>";
		};
/* End PBXGroup section */

/* Begin PBXNativeTarget section */
		800254F2243EA6B30026B7C8 /* OttawaFood */ = {
			isa = PBXNativeTarget;
			buildConfigurationList = 80025507243EA6B40026B7C8 /* Build configuration list for PBXNativeTarget "OttawaFood" */;
			buildPhases = (
				808AFC5724439C4B00550386 /* Generate GraphQL API */,
				800254EF243EA6B30026B7C8 /* Sources */,
				800254F0243EA6B30026B7C8 /* Frameworks */,
				800254F1243EA6B30026B7C8 /* Resources */,
			);
			buildRules = (
			);
			dependencies = (
			);
			name = OttawaFood;
			packageProductDependencies = (
				808AFC4D24439AC700550386 /* Apollo */,
				80CE93182443F7A100BA33C9 /* URLImage */,
				80644D2C2447EC4600F13DA1 /* KeychainAccess */,
			);
			productName = OttawaFood;
			productReference = 800254F3243EA6B30026B7C8 /* Ottawa Food Guide.app */;
			productType = "com.apple.product-type.application";
		};
/* End PBXNativeTarget section */

/* Begin PBXProject section */
		800254EB243EA6B30026B7C8 /* Project object */ = {
			isa = PBXProject;
			attributes = {
				LastSwiftUpdateCheck = 1140;
				LastUpgradeCheck = 1140;
				ORGANIZATIONNAME = "Lukas Romsicki";
				TargetAttributes = {
					800254F2243EA6B30026B7C8 = {
						CreatedOnToolsVersion = 11.4;
					};
				};
			};
			buildConfigurationList = 800254EE243EA6B30026B7C8 /* Build configuration list for PBXProject "OttawaFood" */;
			compatibilityVersion = "Xcode 9.3";
			developmentRegion = en;
			hasScannedForEncodings = 0;
			knownRegions = (
				en,
				Base,
			);
			mainGroup = 800254EA243EA6B30026B7C8;
			packageReferences = (
				808AFC4C24439AC700550386 /* XCRemoteSwiftPackageReference "apollo-ios" */,
				80CE93172443F7A100BA33C9 /* XCRemoteSwiftPackageReference "url-image" */,
				80644D2B2447EC4600F13DA1 /* XCRemoteSwiftPackageReference "KeychainAccess" */,
			);
			productRefGroup = 800254F4243EA6B30026B7C8 /* Products */;
			projectDirPath = "";
			projectRoot = "";
			targets = (
				800254F2243EA6B30026B7C8 /* OttawaFood */,
			);
		};
/* End PBXProject section */

/* Begin PBXResourcesBuildPhase section */
		800254F1243EA6B30026B7C8 /* Resources */ = {
			isa = PBXResourcesBuildPhase;
			buildActionMask = 2147483647;
			files = (
				800996F02443E087002A63F1 /* Restaurant.graphql in Resources */,
				808AFC5624439BD300550386 /* Trending.graphql in Resources */,
				808AFC5024439B4E00550386 /* schema.json in Resources */,
				800996F42443EA4F002A63F1 /* ToggleFavorite.graphql in Resources */,
				80025503243EA6B40026B7C8 /* LaunchScreen.storyboard in Resources */,
				800996F82443EBBF002A63F1 /* DeleteBucketListItem.graphql in Resources */,
				80CE93582445096700BA33C9 /* Search.graphql in Resources */,
				800996F62443EBB9002A63F1 /* CreateBucketListItem.graphql in Resources */,
				805820FD2447DDFE006DAE2D /* ValidateAppleID.graphql in Resources */,
				80025500243EA6B40026B7C8 /* Preview Assets.xcassets in Resources */,
				800254FD243EA6B40026B7C8 /* Assets.xcassets in Resources */,
			);
			runOnlyForDeploymentPostprocessing = 0;
		};
/* End PBXResourcesBuildPhase section */

/* Begin PBXShellScriptBuildPhase section */
		808AFC5724439C4B00550386 /* Generate GraphQL API */ = {
			isa = PBXShellScriptBuildPhase;
			buildActionMask = 2147483647;
			files = (
			);
			inputFileListPaths = (
			);
			inputPaths = (
			);
			name = "Generate GraphQL API";
			outputFileListPaths = (
			);
			outputPaths = (
			);
			runOnlyForDeploymentPostprocessing = 0;
			shellPath = /bin/sh;
			shellScript = "# Go to the build root and search up the chain to find the Derived Data Path where the source packages are checked out.\nDERIVED_DATA_CANDIDATE=\"${BUILD_ROOT}\"\n\nwhile ! [ -d \"${DERIVED_DATA_CANDIDATE}/SourcePackages\" ]; do\n  if [ \"${DERIVED_DATA_CANDIDATE}\" = / ]; then\n    echo >&2 \"error: Unable to locate SourcePackages directory from BUILD_ROOT: '${BUILD_ROOT}'\"\n    exit 1\n  fi\n\n  DERIVED_DATA_CANDIDATE=\"$(dirname \"${DERIVED_DATA_CANDIDATE}\")\"\ndone\n\n# Grab a reference to the directory where scripts are checked out\nSCRIPT_PATH=\"${DERIVED_DATA_CANDIDATE}/SourcePackages/checkouts/apollo-ios/scripts\"\n\nif [ -z \"${SCRIPT_PATH}\" ]; then\n    echo >&2 \"error: Couldn't find the CLI script in your checked out SPM packages; make sure to add the framework to your project.\"\n    exit 1\nfi\n\ncd \"${SRCROOT}/${TARGET_NAME}\"\n\"${SCRIPT_PATH}\"/run-bundled-codegen.sh codegen:generate --target=swift --includes=./**/*.graphql --localSchemaFile=\"GraphQL/schema.json\" GraphQL/API.swift\n";
		};
/* End PBXShellScriptBuildPhase section */

/* Begin PBXSourcesBuildPhase section */
		800254EF243EA6B30026B7C8 /* Sources */ = {
			isa = PBXSourcesBuildPhase;
			buildActionMask = 2147483647;
			files = (
				80C6B7F52447BC74001D9D29 /* Session.swift in Sources */,
				80C6B7F92447C321001D9D29 /* Application.swift in Sources */,
				80CE931D2443FC6E00BA33C9 /* CurrentUserService.swift in Sources */,
				80CE93482444E43300BA33C9 /* SearchSubsection.swift in Sources */,
				80CE933F2444E3EA00BA33C9 /* SearchModal.swift in Sources */,
				800996C82443A3EE002A63F1 /* OttawaFavoritesService.swift in Sources */,
				808AFC322442B7D900550386 /* TrendingSection.swift in Sources */,
				800996E72443C685002A63F1 /* RestaurantViewFrame.swift in Sources */,
				805820FA2447D012006DAE2D /* OnboardingButton.swift in Sources */,
				80CE93302444CF2700BA33C9 /* YouMayLikeRecommendationRow.swift in Sources */,
				80CE93242443FDD000BA33C9 /* MyFavoritesSection.swift in Sources */,
				808AFBFA24429E9600550386 /* TabData.swift in Sources */,
				80C6B7F72447BE97001D9D29 /* SignInController.swift in Sources */,
				808AFC072442A51700550386 /* BucketListSection.swift in Sources */,
				805820F52447C9AC006DAE2D /* ReadyController.swift in Sources */,
				808AFC3F244397FB00550386 /* TabBarFiller.swift in Sources */,
				80CE934B2444E44600BA33C9 /* SearchItem.swift in Sources */,
				800996ED2443C9BE002A63F1 /* FloatingRating.swift in Sources */,
				808AFC142442A82000550386 /* FeaturedSectionContainer.swift in Sources */,
				800254F7243EA6B30026B7C8 /* AppDelegate.swift in Sources */,
				808AFC3C2443978E00550386 /* OttawaFavoritesSection.swift in Sources */,
				80644D332447EDD400F13DA1 /* EnvironmentValues+localStatusBarStyle.swift in Sources */,
				80644D2F2447EDAA00F13DA1 /* LocalStatusBarStyle.swift in Sources */,
				808AFBF624429E3A00550386 /* TabBarContainer.swift in Sources */,
				80CE93222443FDC800BA33C9 /* MyFavoritesSectionContainer.swift in Sources */,
				80644D312447EDBB00F13DA1 /* LocalStatusBarStyleKey.swift in Sources */,
				80CE93362444D01D00BA33C9 /* MyBucketListSection.swift in Sources */,
				80644D352447EE6600F13DA1 /* RootHostingController+Onboarding.swift in Sources */,
				80CE93522444E7A100BA33C9 /* SearchBar.swift in Sources */,
				800996CB2443A499002A63F1 /* TouchScaleButton.swift in Sources */,
				808AFC162442A82700550386 /* FeaturedSection.swift in Sources */,
				80FCD23524450F6900D0B0CF /* AppActivityIndicator.swift in Sources */,
				808AFBF124429D4E00550386 /* AppSection.swift in Sources */,
				80CE93542444E7E000BA33C9 /* SearchBarTextField.swift in Sources */,
				80CE93452444E41300BA33C9 /* RestaurantPicker.swift in Sources */,
				808AFC1C2442A8D300550386 /* FeaturedCard.swift in Sources */,
				800254F9243EA6B30026B7C8 /* SceneDelegate.swift in Sources */,
				80CE93342444D01400BA33C9 /* MyBucketListSectionContainer.swift in Sources */,
				808AFC192442A86200550386 /* RestaurantItem.swift in Sources */,
				800996F22443E0E3002A63F1 /* RestaurantViewService.swift in Sources */,
				80FCD23724450F9600D0B0CF /* IndicatorShape.swift in Sources */,
				80C6B8002447C8EF001D9D29 /* SignIn+Authorization.swift in Sources */,
				808AFBF424429E1000550386 /* AppState.swift in Sources */,
				808AFC5424439BC400550386 /* TrendingService.swift in Sources */,
				80FCD23A244511BB00D0B0CF /* NSObject+Debounce.swift in Sources */,
				80CE93502444E5AD00BA33C9 /* SearchSectionState.swift in Sources */,
				808AFC0E2442A70900550386 /* PageView.swift in Sources */,
				808AFBFC24429EF500550386 /* TabBarItem.swift in Sources */,
				808AFBEC24429AD600550386 /* SectionHeader.swift in Sources */,
				800996E02443C49A002A63F1 /* RootHostingController.swift in Sources */,
				808AFC102442A7D700550386 /* PageControl.swift in Sources */,
				80CE93392444D60900BA33C9 /* TopBar.swift in Sources */,
				80F942DB244299D3003B5A49 /* AppServices.swift in Sources */,
				805820F72447CAFC006DAE2D /* OnboardingNavigationController.swift in Sources */,
				800996EB2443C889002A63F1 /* FloatingButton.swift in Sources */,
				808AFC052442A50F00550386 /* FavoritesSection.swift in Sources */,
				808AFC2D2442B4EA00550386 /* RestaurantCard.swift in Sources */,
				800996FC2443EFFC002A63F1 /* RestaurantViewIconDetail.swift in Sources */,
				800996E52443C609002A63F1 /* RestaurantViewTopSpacer.swift in Sources */,
				800996E32443C5AB002A63F1 /* RestaurantViewBackButton.swift in Sources */,
				808AFC372443969900550386 /* ScrollableStackLabeledSection.swift in Sources */,
				80C6B7FB2447C3D5001D9D29 /* UIFont+weight.swift in Sources */,
				808AFC292442B36E00550386 /* LabeledSection.swift in Sources */,
				800254FB243EA6B30026B7C8 /* AppLayout.swift in Sources */,
				80CE933C2444DC4100BA33C9 /* SearchButton.swift in Sources */,
				80F942D8244299A6003B5A49 /* ForYouSection.swift in Sources */,
				808AFC302442B7D200550386 /* TrendingSectionContainer.swift in Sources */,
				808AFBEF24429CC500550386 /* TabBar.swift in Sources */,
				80644D382447EF6D00F13DA1 /* Alert.swift in Sources */,
				808AFBFE2442A47100550386 /* CurrentSectionContainer.swift in Sources */,
				800996D52443B3A7002A63F1 /* RestaurantView.swift in Sources */,
				808AFC3A2443978500550386 /* OttawaFavoritesSectionContainer.swift in Sources */,
				80CE93412444E3F300BA33C9 /* SearchSection.swift in Sources */,
				808AFC4224439A3D00550386 /* GraphQL.swift in Sources */,
				808AFC5924439C8000550386 /* API.swift in Sources */,
				800996CE2443AA6B002A63F1 /* ShrinkOnPressButtonStyle.swift in Sources */,
				808AFC0C2442A6E500550386 /* PageViewController.swift in Sources */,
				808AFC092442A51D00550386 /* ProfileSection.swift in Sources */,
				808AFC002442A47E00550386 /* CurrentSection.swift in Sources */,
				80CE93562444E81000BA33C9 /* SearchBarPlaceholder.swift in Sources */,
			);
			runOnlyForDeploymentPostprocessing = 0;
		};
/* End PBXSourcesBuildPhase section */

/* Begin PBXVariantGroup section */
		80025501243EA6B40026B7C8 /* LaunchScreen.storyboard */ = {
			isa = PBXVariantGroup;
			children = (
				80025502243EA6B40026B7C8 /* Base */,
			);
			name = LaunchScreen.storyboard;
			sourceTree = "<group>";
		};
/* End PBXVariantGroup section */

/* Begin XCBuildConfiguration section */
		80025505243EA6B40026B7C8 /* Debug */ = {
			isa = XCBuildConfiguration;
			buildSettings = {
				ALWAYS_SEARCH_USER_PATHS = NO;
				CLANG_ANALYZER_NONNULL = YES;
				CLANG_ANALYZER_NUMBER_OBJECT_CONVERSION = YES_AGGRESSIVE;
				CLANG_CXX_LANGUAGE_STANDARD = "gnu++14";
				CLANG_CXX_LIBRARY = "libc++";
				CLANG_ENABLE_MODULES = YES;
				CLANG_ENABLE_OBJC_ARC = YES;
				CLANG_ENABLE_OBJC_WEAK = YES;
				CLANG_WARN_BLOCK_CAPTURE_AUTORELEASING = YES;
				CLANG_WARN_BOOL_CONVERSION = YES;
				CLANG_WARN_COMMA = YES;
				CLANG_WARN_CONSTANT_CONVERSION = YES;
				CLANG_WARN_DEPRECATED_OBJC_IMPLEMENTATIONS = YES;
				CLANG_WARN_DIRECT_OBJC_ISA_USAGE = YES_ERROR;
				CLANG_WARN_DOCUMENTATION_COMMENTS = YES;
				CLANG_WARN_EMPTY_BODY = YES;
				CLANG_WARN_ENUM_CONVERSION = YES;
				CLANG_WARN_INFINITE_RECURSION = YES;
				CLANG_WARN_INT_CONVERSION = YES;
				CLANG_WARN_NON_LITERAL_NULL_CONVERSION = YES;
				CLANG_WARN_OBJC_IMPLICIT_RETAIN_SELF = YES;
				CLANG_WARN_OBJC_LITERAL_CONVERSION = YES;
				CLANG_WARN_OBJC_ROOT_CLASS = YES_ERROR;
				CLANG_WARN_RANGE_LOOP_ANALYSIS = YES;
				CLANG_WARN_STRICT_PROTOTYPES = YES;
				CLANG_WARN_SUSPICIOUS_MOVE = YES;
				CLANG_WARN_UNGUARDED_AVAILABILITY = YES_AGGRESSIVE;
				CLANG_WARN_UNREACHABLE_CODE = YES;
				CLANG_WARN__DUPLICATE_METHOD_MATCH = YES;
				COPY_PHASE_STRIP = NO;
				DEBUG_INFORMATION_FORMAT = dwarf;
				ENABLE_STRICT_OBJC_MSGSEND = YES;
				ENABLE_TESTABILITY = YES;
				GCC_C_LANGUAGE_STANDARD = gnu11;
				GCC_DYNAMIC_NO_PIC = NO;
				GCC_NO_COMMON_BLOCKS = YES;
				GCC_OPTIMIZATION_LEVEL = 0;
				GCC_PREPROCESSOR_DEFINITIONS = (
					"DEBUG=1",
					"$(inherited)",
				);
				GCC_WARN_64_TO_32_BIT_CONVERSION = YES;
				GCC_WARN_ABOUT_RETURN_TYPE = YES_ERROR;
				GCC_WARN_UNDECLARED_SELECTOR = YES;
				GCC_WARN_UNINITIALIZED_AUTOS = YES_AGGRESSIVE;
				GCC_WARN_UNUSED_FUNCTION = YES;
				GCC_WARN_UNUSED_VARIABLE = YES;
				IPHONEOS_DEPLOYMENT_TARGET = 13.4;
				MTL_ENABLE_DEBUG_INFO = INCLUDE_SOURCE;
				MTL_FAST_MATH = YES;
				ONLY_ACTIVE_ARCH = YES;
				SDKROOT = iphoneos;
				SWIFT_ACTIVE_COMPILATION_CONDITIONS = DEBUG;
				SWIFT_OPTIMIZATION_LEVEL = "-Onone";
			};
			name = Debug;
		};
		80025506243EA6B40026B7C8 /* Release */ = {
			isa = XCBuildConfiguration;
			buildSettings = {
				ALWAYS_SEARCH_USER_PATHS = NO;
				CLANG_ANALYZER_NONNULL = YES;
				CLANG_ANALYZER_NUMBER_OBJECT_CONVERSION = YES_AGGRESSIVE;
				CLANG_CXX_LANGUAGE_STANDARD = "gnu++14";
				CLANG_CXX_LIBRARY = "libc++";
				CLANG_ENABLE_MODULES = YES;
				CLANG_ENABLE_OBJC_ARC = YES;
				CLANG_ENABLE_OBJC_WEAK = YES;
				CLANG_WARN_BLOCK_CAPTURE_AUTORELEASING = YES;
				CLANG_WARN_BOOL_CONVERSION = YES;
				CLANG_WARN_COMMA = YES;
				CLANG_WARN_CONSTANT_CONVERSION = YES;
				CLANG_WARN_DEPRECATED_OBJC_IMPLEMENTATIONS = YES;
				CLANG_WARN_DIRECT_OBJC_ISA_USAGE = YES_ERROR;
				CLANG_WARN_DOCUMENTATION_COMMENTS = YES;
				CLANG_WARN_EMPTY_BODY = YES;
				CLANG_WARN_ENUM_CONVERSION = YES;
				CLANG_WARN_INFINITE_RECURSION = YES;
				CLANG_WARN_INT_CONVERSION = YES;
				CLANG_WARN_NON_LITERAL_NULL_CONVERSION = YES;
				CLANG_WARN_OBJC_IMPLICIT_RETAIN_SELF = YES;
				CLANG_WARN_OBJC_LITERAL_CONVERSION = YES;
				CLANG_WARN_OBJC_ROOT_CLASS = YES_ERROR;
				CLANG_WARN_RANGE_LOOP_ANALYSIS = YES;
				CLANG_WARN_STRICT_PROTOTYPES = YES;
				CLANG_WARN_SUSPICIOUS_MOVE = YES;
				CLANG_WARN_UNGUARDED_AVAILABILITY = YES_AGGRESSIVE;
				CLANG_WARN_UNREACHABLE_CODE = YES;
				CLANG_WARN__DUPLICATE_METHOD_MATCH = YES;
				COPY_PHASE_STRIP = NO;
				DEBUG_INFORMATION_FORMAT = "dwarf-with-dsym";
				ENABLE_NS_ASSERTIONS = NO;
				ENABLE_STRICT_OBJC_MSGSEND = YES;
				GCC_C_LANGUAGE_STANDARD = gnu11;
				GCC_NO_COMMON_BLOCKS = YES;
				GCC_WARN_64_TO_32_BIT_CONVERSION = YES;
				GCC_WARN_ABOUT_RETURN_TYPE = YES_ERROR;
				GCC_WARN_UNDECLARED_SELECTOR = YES;
				GCC_WARN_UNINITIALIZED_AUTOS = YES_AGGRESSIVE;
				GCC_WARN_UNUSED_FUNCTION = YES;
				GCC_WARN_UNUSED_VARIABLE = YES;
				IPHONEOS_DEPLOYMENT_TARGET = 13.4;
				MTL_ENABLE_DEBUG_INFO = NO;
				MTL_FAST_MATH = YES;
				SDKROOT = iphoneos;
				SWIFT_COMPILATION_MODE = wholemodule;
				SWIFT_OPTIMIZATION_LEVEL = "-O";
				VALIDATE_PRODUCT = YES;
			};
			name = Release;
		};
		80025508243EA6B40026B7C8 /* Debug */ = {
			isa = XCBuildConfiguration;
			buildSettings = {
				ASSETCATALOG_COMPILER_APPICON_NAME = AppIcon;
				CODE_SIGN_ENTITLEMENTS = OttawaFood/OttawaFood.entitlements;
				CODE_SIGN_STYLE = Automatic;
				DEVELOPMENT_ASSET_PATHS = "\"OttawaFood/Preview Content\"";
				DEVELOPMENT_TEAM = 8P8574Z65P;
				ENABLE_PREVIEWS = YES;
				INFOPLIST_FILE = OttawaFood/Info.plist;
				LD_RUNPATH_SEARCH_PATHS = (
					"$(inherited)",
					"@executable_path/Frameworks",
				);
				PRODUCT_BUNDLE_IDENTIFIER = com.romsicki.OttawaFood;
				PRODUCT_NAME = "Ottawa Food Guide";
				SWIFT_VERSION = 5.0;
				TARGETED_DEVICE_FAMILY = "1,2";
			};
			name = Debug;
		};
		80025509243EA6B40026B7C8 /* Release */ = {
			isa = XCBuildConfiguration;
			buildSettings = {
				ASSETCATALOG_COMPILER_APPICON_NAME = AppIcon;
				CODE_SIGN_ENTITLEMENTS = OttawaFood/OttawaFood.entitlements;
				CODE_SIGN_STYLE = Automatic;
				DEVELOPMENT_ASSET_PATHS = "\"OttawaFood/Preview Content\"";
				DEVELOPMENT_TEAM = 8P8574Z65P;
				ENABLE_PREVIEWS = YES;
				INFOPLIST_FILE = OttawaFood/Info.plist;
				LD_RUNPATH_SEARCH_PATHS = (
					"$(inherited)",
					"@executable_path/Frameworks",
				);
				PRODUCT_BUNDLE_IDENTIFIER = com.romsicki.OttawaFood;
				PRODUCT_NAME = "Ottawa Food Guide";
				SWIFT_VERSION = 5.0;
				TARGETED_DEVICE_FAMILY = "1,2";
			};
			name = Release;
		};
/* End XCBuildConfiguration section */

/* Begin XCConfigurationList section */
		800254EE243EA6B30026B7C8 /* Build configuration list for PBXProject "OttawaFood" */ = {
			isa = XCConfigurationList;
			buildConfigurations = (
				80025505243EA6B40026B7C8 /* Debug */,
				80025506243EA6B40026B7C8 /* Release */,
			);
			defaultConfigurationIsVisible = 0;
			defaultConfigurationName = Release;
		};
		80025507243EA6B40026B7C8 /* Build configuration list for PBXNativeTarget "OttawaFood" */ = {
			isa = XCConfigurationList;
			buildConfigurations = (
				80025508243EA6B40026B7C8 /* Debug */,
				80025509243EA6B40026B7C8 /* Release */,
			);
			defaultConfigurationIsVisible = 0;
			defaultConfigurationName = Release;
		};
/* End XCConfigurationList section */

/* Begin XCRemoteSwiftPackageReference section */
		80644D2B2447EC4600F13DA1 /* XCRemoteSwiftPackageReference "KeychainAccess" */ = {
			isa = XCRemoteSwiftPackageReference;
			repositoryURL = "https://github.com/kishikawakatsumi/KeychainAccess";
			requirement = {
				kind = exactVersion;
				version = 4.1.0;
			};
		};
		808AFC4C24439AC700550386 /* XCRemoteSwiftPackageReference "apollo-ios" */ = {
			isa = XCRemoteSwiftPackageReference;
			repositoryURL = "https://github.com/apollographql/apollo-ios";
			requirement = {
				kind = exactVersion;
				version = 0.25.0;
			};
		};
		80CE93172443F7A100BA33C9 /* XCRemoteSwiftPackageReference "url-image" */ = {
			isa = XCRemoteSwiftPackageReference;
			repositoryURL = "https://github.com/dmytro-anokhin/url-image";
			requirement = {
				kind = exactVersion;
				version = 0.9.13;
			};
		};
/* End XCRemoteSwiftPackageReference section */

/* Begin XCSwiftPackageProductDependency section */
		80644D2C2447EC4600F13DA1 /* KeychainAccess */ = {
			isa = XCSwiftPackageProductDependency;
			package = 80644D2B2447EC4600F13DA1 /* XCRemoteSwiftPackageReference "KeychainAccess" */;
			productName = KeychainAccess;
		};
		808AFC4D24439AC700550386 /* Apollo */ = {
			isa = XCSwiftPackageProductDependency;
			package = 808AFC4C24439AC700550386 /* XCRemoteSwiftPackageReference "apollo-ios" */;
			productName = Apollo;
		};
		80CE93182443F7A100BA33C9 /* URLImage */ = {
			isa = XCSwiftPackageProductDependency;
			package = 80CE93172443F7A100BA33C9 /* XCRemoteSwiftPackageReference "url-image" */;
			productName = URLImage;
		};
/* End XCSwiftPackageProductDependency section */
	};
	rootObject = 800254EB243EA6B30026B7C8 /* Project object */;
}
